
Microsoft Visual Studio Solution File, Format Version 12.00
# Visual Studio Version 16
VisualStudioVersion = 16.0.29025.244
MinimumVisualStudioVersion = 10.0.40219.1
Project("{FAE04EC0-301F-11D3-BF4B-00C04F79EFBC}") = "ConsoleAppDPatternsTemplateMethod", "ConsoleAppDPatternsTemplateMethod\ConsoleAppDPatternsTemplateMethod.csproj", "{4581315F-1494-408E-975E-FB9E836D07E7}"
EndProject
Global
	GlobalSection(SolutionConfigurationPlatforms) = preSolution
		Debug|Any CPU = Debug|Any CPU
		Release|Any CPU = Release|Any CPU
	EndGlobalSection
	GlobalSection(ProjectConfigurationPlatforms) = postSolution
		{4581315F-1494-408E-975E-FB9E836D07E7}.Debug|Any CPU.ActiveCfg = Debug|Any CPU
		{4581315F-1494-408E-975E-FB9E836D07E7}.Debug|Any CPU.Build.0 = Debug|Any CPU
		{4581315F-1494-408E-975E-FB9E836D07E7}.Release|Any CPU.ActiveCfg = Release|Any CPU
		{4581315F-1494-408E-975E-FB9E836D07E7}.Release|Any CPU.Build.0 = Release|Any CPU
	EndGlobalSection
	GlobalSection(SolutionProperties) = preSolution
		HideSolutionNode = FALSE
	EndGlobalSection
	GlobalSection(ExtensibilityGlobals) = postSolution
		SolutionGuid = {77C4D8A3-5FA9-46ED-A80E-E15B229F7A95}
	EndGlobalSection
EndGlobal
